
Microsoft Visual Studio Solution File, Format Version 12.00
# Visual Studio Version 16
VisualStudioVersion = 16.0.32106.194
MinimumVisualStudioVersion = 10.0.40219.1
Project("{FAE04EC0-301F-11D3-BF4B-00C04F79EFBC}") = "wLibreria2", "wLibreria2\wLibreria2.csproj", "{260D5B3F-34D5-4854-89FC-E331DAC1CFF8}"
EndProject
Global
	GlobalSection(SolutionConfigurationPlatforms) = preSolution
		Debug|Any CPU = Debug|Any CPU
		Release|Any CPU = Release|Any CPU
	EndGlobalSection
	GlobalSection(ProjectConfigurationPlatforms) = postSolution
		{260D5B3F-34D5-4854-89FC-E331DAC1CFF8}.Debug|Any CPU.ActiveCfg = Debug|Any CPU
		{260D5B3F-34D5-4854-89FC-E331DAC1CFF8}.Debug|Any CPU.Build.0 = Debug|Any CPU
		{260D5B3F-34D5-4854-89FC-E331DAC1CFF8}.Release|Any CPU.ActiveCfg = Release|Any CPU
		{260D5B3F-34D5-4854-89FC-E331DAC1CFF8}.Release|Any CPU.Build.0 = Release|Any CPU
	EndGlobalSection
	GlobalSection(SolutionProperties) = preSolution
		HideSolutionNode = FALSE
	EndGlobalSection
	GlobalSection(ExtensibilityGlobals) = postSolution
		SolutionGuid = {5793F12B-9F32-4DDD-8926-BE9587398DE2}
	EndGlobalSection
EndGlobal
